// !$*UTF8*$!
{
	archiveVersion = 1;
	classes = {
	};
	objectVersion = 50;
	objects = {

/* Begin PBXBuildFile section */
		FAC285EF2273022D008B74C6 /* AppDelegate.swift in Sources */ = {isa = PBXBuildFile; fileRef = FAC285EE2273022D008B74C6 /* AppDelegate.swift */; };
		FAC285F12273022D008B74C6 /* ViewController.swift in Sources */ = {isa = PBXBuildFile; fileRef = FAC285F02273022D008B74C6 /* ViewController.swift */; };
		FAC285F42273022D008B74C6 /* Main.storyboard in Resources */ = {isa = PBXBuildFile; fileRef = FAC285F22273022D008B74C6 /* Main.storyboard */; };
		FAC285F62273022F008B74C6 /* Assets.xcassets in Resources */ = {isa = PBXBuildFile; fileRef = FAC285F52273022F008B74C6 /* Assets.xcassets */; };
		FAC285F92273022F008B74C6 /* LaunchScreen.storyboard in Resources */ = {isa = PBXBuildFile; fileRef = FAC285F72273022F008B74C6 /* LaunchScreen.storyboard */; };
		FAC286042273063C008B74C6 /* Note.swift in Sources */ = {isa = PBXBuildFile; fileRef = FAC286032273063C008B74C6 /* Note.swift */; };
		FAC2860822731EBB008B74C6 /* CreateAndDetailNoteVC.swift in Sources */ = {isa = PBXBuildFile; fileRef = FAC2860722731EBB008B74C6 /* CreateAndDetailNoteVC.swift */; };
		FAC2860B22735864008B74C6 /* NoteCell.swift in Sources */ = {isa = PBXBuildFile; fileRef = FAC2860A22735864008B74C6 /* NoteCell.swift */; };
/* End PBXBuildFile section */

/* Begin PBXFileReference section */
		FAC285EB2273022D008B74C6 /* Тестовое для Evo Mobile Lab 2019 (iOS).app */ = {isa = PBXFileReference; explicitFileType = wrapper.application; includeInIndex = 0; path = "Тестовое для Evo Mobile Lab 2019 (iOS).app"; sourceTree = BUILT_PRODUCTS_DIR; };
		FAC285EE2273022D008B74C6 /* AppDelegate.swift */ = {isa = PBXFileReference; lastKnownFileType = sourcecode.swift; path = AppDelegate.swift; sourceTree = "<group>"; };
		FAC285F02273022D008B74C6 /* ViewController.swift */ = {isa = PBXFileReference; lastKnownFileType = sourcecode.swift; path = ViewController.swift; sourceTree = "<group>"; };
		FAC285F32273022D008B74C6 /* Base */ = {isa = PBXFileReference; lastKnownFileType = file.storyboard; name = Base; path = Base.lproj/Main.storyboard; sourceTree = "<group>"; };
		FAC285F52273022F008B74C6 /* Assets.xcassets */ = {isa = PBXFileReference; lastKnownFileType = folder.assetcatalog; path = Assets.xcassets; sourceTree = "<group>"; };
		FAC285F82273022F008B74C6 /* Base */ = {isa = PBXFileReference; lastKnownFileType = file.storyboard; name = Base; path = Base.lproj/LaunchScreen.storyboard; sourceTree = "<group>"; };
		FAC285FA2273022F008B74C6 /* Info.plist */ = {isa = PBXFileReference; lastKnownFileType = text.plist.xml; path = Info.plist; sourceTree = "<group>"; };
		FAC286032273063C008B74C6 /* Note.swift */ = {isa = PBXFileReference; lastKnownFileType = sourcecode.swift; path = Note.swift; sourceTree = "<group>"; };
		FAC2860722731EBB008B74C6 /* CreateAndDetailNoteVC.swift */ = {isa = PBXFileReference; lastKnownFileType = sourcecode.swift; path = CreateAndDetailNoteVC.swift; sourceTree = "<group>"; };
		FAC2860A22735864008B74C6 /* NoteCell.swift */ = {isa = PBXFileReference; lastKnownFileType = sourcecode.swift; path = NoteCell.swift; sourceTree = "<group>"; };
/* End PBXFileReference section */

/* Begin PBXFrameworksBuildPhase section */
		FAC285E82273022D008B74C6 /* Frameworks */ = {
			isa = PBXFrameworksBuildPhase;
			buildActionMask = 2147483647;
			files = (
			);
			runOnlyForDeploymentPostprocessing = 0;
		};
/* End PBXFrameworksBuildPhase section */

/* Begin PBXGroup section */
		FAC285E22273022D008B74C6 = {
			isa = PBXGroup;
			children = (
				FAC285ED2273022D008B74C6 /* Тестовое для Evo Mobile Lab 2019 (iOS) */,
				FAC285EC2273022D008B74C6 /* Products */,
			);
			sourceTree = "<group>";
		};
		FAC285EC2273022D008B74C6 /* Products */ = {
			isa = PBXGroup;
			children = (
				FAC285EB2273022D008B74C6 /* Тестовое для Evo Mobile Lab 2019 (iOS).app */,
			);
			name = Products;
			sourceTree = "<group>";
		};
		FAC285ED2273022D008B74C6 /* Тестовое для Evo Mobile Lab 2019 (iOS) */ = {
			isa = PBXGroup;
			children = (
				FAC285EE2273022D008B74C6 /* AppDelegate.swift */,
				FAC2860922735808008B74C6 /* View */,
				FAC286002273028D008B74C6 /* Controller */,
				FAC2860222730590008B74C6 /* Model */,
				FAC285F22273022D008B74C6 /* Main.storyboard */,
				FAC285F52273022F008B74C6 /* Assets.xcassets */,
				FAC285F72273022F008B74C6 /* LaunchScreen.storyboard */,
				FAC285FA2273022F008B74C6 /* Info.plist */,
			);
			path = "Тестовое для Evo Mobile Lab 2019 (iOS)";
			sourceTree = "<group>";
		};
		FAC286002273028D008B74C6 /* Controller */ = {
			isa = PBXGroup;
			children = (
				FAC285F02273022D008B74C6 /* ViewController.swift */,
				FAC2860722731EBB008B74C6 /* CreateAndDetailNoteVC.swift */,
			);
			path = Controller;
			sourceTree = "<group>";
		};
		FAC2860222730590008B74C6 /* Model */ = {
			isa = PBXGroup;
			children = (
				FAC286032273063C008B74C6 /* Note.swift */,
			);
			path = Model;
			sourceTree = "<group>";
		};
		FAC2860922735808008B74C6 /* View */ = {
			isa = PBXGroup;
			children = (
				FAC2860A22735864008B74C6 /* NoteCell.swift */,
			);
			path = View;
			sourceTree = "<group>";
		};
/* End PBXGroup section */

/* Begin PBXNativeTarget section */
		FAC285EA2273022D008B74C6 /* Тестовое для Evo Mobile Lab 2019 (iOS) */ = {
			isa = PBXNativeTarget;
			buildConfigurationList = FAC285FD2273022F008B74C6 /* Build configuration list for PBXNativeTarget "Тестовое для Evo Mobile Lab 2019 (iOS)" */;
			buildPhases = (
				FAC285E72273022D008B74C6 /* Sources */,
				FAC285E82273022D008B74C6 /* Frameworks */,
				FAC285E92273022D008B74C6 /* Resources */,
			);
			buildRules = (
			);
			dependencies = (
			);
			name = "Тестовое для Evo Mobile Lab 2019 (iOS)";
			productName = "Тестовое для Evo Mobile Lab 2019 (iOS)";
			productReference = FAC285EB2273022D008B74C6 /* Тестовое для Evo Mobile Lab 2019 (iOS).app */;
			productType = "com.apple.product-type.application";
		};
/* End PBXNativeTarget section */

/* Begin PBXProject section */
		FAC285E32273022D008B74C6 /* Project object */ = {
			isa = PBXProject;
			attributes = {
				LastSwiftUpdateCheck = 1010;
				LastUpgradeCheck = 1010;
				ORGANIZATIONNAME = Nikolay_Romanov;
				TargetAttributes = {
					FAC285EA2273022D008B74C6 = {
						CreatedOnToolsVersion = 10.1;
					};
				};
			};
			buildConfigurationList = FAC285E62273022D008B74C6 /* Build configuration list for PBXProject "Тестовое для Evo Mobile Lab 2019 (iOS)" */;
			compatibilityVersion = "Xcode 9.3";
			developmentRegion = en;
			hasScannedForEncodings = 0;
			knownRegions = (
				en,
				Base,
			);
			mainGroup = FAC285E22273022D008B74C6;
			productRefGroup = FAC285EC2273022D008B74C6 /* Products */;
			projectDirPath = "";
			projectRoot = "";
			targets = (
				FAC285EA2273022D008B74C6 /* Тестовое для Evo Mobile Lab 2019 (iOS) */,
			);
		};
/* End PBXProject section */

/* Begin PBXResourcesBuildPhase section */
		FAC285E92273022D008B74C6 /* Resources */ = {
			isa = PBXResourcesBuildPhase;
			buildActionMask = 2147483647;
			files = (
				FAC285F92273022F008B74C6 /* LaunchScreen.storyboard in Resources */,
				FAC285F62273022F008B74C6 /* Assets.xcassets in Resources */,
				FAC285F42273022D008B74C6 /* Main.storyboard in Resources */,
			);
			runOnlyForDeploymentPostprocessing = 0;
		};
/* End PBXResourcesBuildPhase section */

/* Begin PBXSourcesBuildPhase section */
		FAC285E72273022D008B74C6 /* Sources */ = {
			isa = PBXSourcesBuildPhase;
			buildActionMask = 2147483647;
			files = (
				FAC2860B22735864008B74C6 /* NoteCell.swift in Sources */,
				FAC2860822731EBB008B74C6 /* CreateAndDetailNoteVC.swift in Sources */,
				FAC285F12273022D008B74C6 /* ViewController.swift in Sources */,
				FAC285EF2273022D008B74C6 /* AppDelegate.swift in Sources */,
				FAC286042273063C008B74C6 /* Note.swift in Sources */,
			);
			runOnlyForDeploymentPostprocessing = 0;
		};
/* End PBXSourcesBuildPhase section */

/* Begin PBXVariantGroup section */
		FAC285F22273022D008B74C6 /* Main.storyboard */ = {
			isa = PBXVariantGroup;
			children = (
				FAC285F32273022D008B74C6 /* Base */,
			);
			name = Main.storyboard;
			sourceTree = "<group>";
		};
		FAC285F72273022F008B74C6 /* LaunchScreen.storyboard */ = {
			isa = PBXVariantGroup;
			children = (
				FAC285F82273022F008B74C6 /* Base */,
			);
			name = LaunchScreen.storyboard;
			sourceTree = "<group>";
		};
/* End PBXVariantGroup section */

/* Begin XCBuildConfiguration section */
		FAC285FB2273022F008B74C6 /* Debug */ = {
			isa = XCBuildConfiguration;
			buildSettings = {
				ALWAYS_SEARCH_USER_PATHS = NO;
				CLANG_ANALYZER_NONNULL = YES;
				CLANG_ANALYZER_NUMBER_OBJECT_CONVERSION = YES_AGGRESSIVE;
				CLANG_CXX_LANGUAGE_STANDARD = "gnu++14";
				CLANG_CXX_LIBRARY = "libc++";
				CLANG_ENABLE_MODULES = YES;
				CLANG_ENABLE_OBJC_ARC = YES;
				CLANG_ENABLE_OBJC_WEAK = YES;
				CLANG_WARN_BLOCK_CAPTURE_AUTORELEASING = YES;
				CLANG_WARN_BOOL_CONVERSION = YES;
				CLANG_WARN_COMMA = YES;
				CLANG_WARN_CONSTANT_CONVERSION = YES;
				CLANG_WARN_DEPRECATED_OBJC_IMPLEMENTATIONS = YES;
				CLANG_WARN_DIRECT_OBJC_ISA_USAGE = YES_ERROR;
				CLANG_WARN_DOCUMENTATION_COMMENTS = YES;
				CLANG_WARN_EMPTY_BODY = YES;
				CLANG_WARN_ENUM_CONVERSION = YES;
				CLANG_WARN_INFINITE_RECURSION = YES;
				CLANG_WARN_INT_CONVERSION = YES;
				CLANG_WARN_NON_LITERAL_NULL_CONVERSION = YES;
				CLANG_WARN_OBJC_IMPLICIT_RETAIN_SELF = YES;
				CLANG_WARN_OBJC_LITERAL_CONVERSION = YES;
				CLANG_WARN_OBJC_ROOT_CLASS = YES_ERROR;
				CLANG_WARN_RANGE_LOOP_ANALYSIS = YES;
				CLANG_WARN_STRICT_PROTOTYPES = YES;
				CLANG_WARN_SUSPICIOUS_MOVE = YES;
				CLANG_WARN_UNGUARDED_AVAILABILITY = YES_AGGRESSIVE;
				CLANG_WARN_UNREACHABLE_CODE = YES;
				CLANG_WARN__DUPLICATE_METHOD_MATCH = YES;
				CODE_SIGN_IDENTITY = "iPhone Developer";
				COPY_PHASE_STRIP = NO;
				DEBUG_INFORMATION_FORMAT = dwarf;
				ENABLE_STRICT_OBJC_MSGSEND = YES;
				ENABLE_TESTABILITY = YES;
				GCC_C_LANGUAGE_STANDARD = gnu11;
				GCC_DYNAMIC_NO_PIC = NO;
				GCC_NO_COMMON_BLOCKS = YES;
				GCC_OPTIMIZATION_LEVEL = 0;
				GCC_PREPROCESSOR_DEFINITIONS = (
					"DEBUG=1",
					"$(inherited)",
				);
				GCC_WARN_64_TO_32_BIT_CONVERSION = YES;
				GCC_WARN_ABOUT_RETURN_TYPE = YES_ERROR;
				GCC_WARN_UNDECLARED_SELECTOR = YES;
				GCC_WARN_UNINITIALIZED_AUTOS = YES_AGGRESSIVE;
				GCC_WARN_UNUSED_FUNCTION = YES;
				GCC_WARN_UNUSED_VARIABLE = YES;
				IPHONEOS_DEPLOYMENT_TARGET = 12.1;
				MTL_ENABLE_DEBUG_INFO = INCLUDE_SOURCE;
				MTL_FAST_MATH = YES;
				ONLY_ACTIVE_ARCH = YES;
				SDKROOT = iphoneos;
				SWIFT_ACTIVE_COMPILATION_CONDITIONS = DEBUG;
				SWIFT_OPTIMIZATION_LEVEL = "-Onone";
			};
			name = Debug;
		};
		FAC285FC2273022F008B74C6 /* Release */ = {
			isa = XCBuildConfiguration;
			buildSettings = {
				ALWAYS_SEARCH_USER_PATHS = NO;
				CLANG_ANALYZER_NONNULL = YES;
				CLANG_ANALYZER_NUMBER_OBJECT_CONVERSION = YES_AGGRESSIVE;
				CLANG_CXX_LANGUAGE_STANDARD = "gnu++14";
				CLANG_CXX_LIBRARY = "libc++";
				CLANG_ENABLE_MODULES = YES;
				CLANG_ENABLE_OBJC_ARC = YES;
				CLANG_ENABLE_OBJC_WEAK = YES;
				CLANG_WARN_BLOCK_CAPTURE_AUTORELEASING = YES;
				CLANG_WARN_BOOL_CONVERSION = YES;
				CLANG_WARN_COMMA = YES;
				CLANG_WARN_CONSTANT_CONVERSION = YES;
				CLANG_WARN_DEPRECATED_OBJC_IMPLEMENTATIONS = YES;
				CLANG_WARN_DIRECT_OBJC_ISA_USAGE = YES_ERROR;
				CLANG_WARN_DOCUMENTATION_COMMENTS = YES;
				CLANG_WARN_EMPTY_BODY = YES;
				CLANG_WARN_ENUM_CONVERSION = YES;
				CLANG_WARN_INFINITE_RECURSION = YES;
				CLANG_WARN_INT_CONVERSION = YES;
				CLANG_WARN_NON_LITERAL_NULL_CONVERSION = YES;
				CLANG_WARN_OBJC_IMPLICIT_RETAIN_SELF = YES;
				CLANG_WARN_OBJC_LITERAL_CONVERSION = YES;
				CLANG_WARN_OBJC_ROOT_CLASS = YES_ERROR;
				CLANG_WARN_RANGE_LOOP_ANALYSIS = YES;
				CLANG_WARN_STRICT_PROTOTYPES = YES;
				CLANG_WARN_SUSPICIOUS_MOVE = YES;
				CLANG_WARN_UNGUARDED_AVAILABILITY = YES_AGGRESSIVE;
				CLANG_WARN_UNREACHABLE_CODE = YES;
				CLANG_WARN__DUPLICATE_METHOD_MATCH = YES;
				CODE_SIGN_IDENTITY = "iPhone Developer";
				COPY_PHASE_STRIP = NO;
				DEBUG_INFORMATION_FORMAT = "dwarf-with-dsym";
				ENABLE_NS_ASSERTIONS = NO;
				ENABLE_STRICT_OBJC_MSGSEND = YES;
				GCC_C_LANGUAGE_STANDARD = gnu11;
				GCC_NO_COMMON_BLOCKS = YES;
				GCC_WARN_64_TO_32_BIT_CONVERSION = YES;
				GCC_WARN_ABOUT_RETURN_TYPE = YES_ERROR;
				GCC_WARN_UNDECLARED_SELECTOR = YES;
				GCC_WARN_UNINITIALIZED_AUTOS = YES_AGGRESSIVE;
				GCC_WARN_UNUSED_FUNCTION = YES;
				GCC_WARN_UNUSED_VARIABLE = YES;
				IPHONEOS_DEPLOYMENT_TARGET = 12.1;
				MTL_ENABLE_DEBUG_INFO = NO;
				MTL_FAST_MATH = YES;
				SDKROOT = iphoneos;
				SWIFT_COMPILATION_MODE = wholemodule;
				SWIFT_OPTIMIZATION_LEVEL = "-O";
				VALIDATE_PRODUCT = YES;
			};
			name = Release;
		};
		FAC285FE2273022F008B74C6 /* Debug */ = {
			isa = XCBuildConfiguration;
			buildSettings = {
				ASSETCATALOG_COMPILER_APPICON_NAME = AppIcon;
				CODE_SIGN_STYLE = Automatic;
				INFOPLIST_FILE = "Тестовое для Evo Mobile Lab 2019 (iOS)/Info.plist";
				LD_RUNPATH_SEARCH_PATHS = (
					"$(inherited)",
					"@executable_path/Frameworks",
				);
				PRODUCT_BUNDLE_IDENTIFIER = "Nikolay-Romanov.-------------Evo-Mobile-Lab-2019--iOS-";
				PRODUCT_NAME = "$(TARGET_NAME)";
				SWIFT_VERSION = 4.2;
				TARGETED_DEVICE_FAMILY = "1,2";
			};
			name = Debug;
		};
		FAC285FF2273022F008B74C6 /* Release */ = {
			isa = XCBuildConfiguration;
			buildSettings = {
				ASSETCATALOG_COMPILER_APPICON_NAME = AppIcon;
				CODE_SIGN_STYLE = Automatic;
				INFOPLIST_FILE = "Тестовое для Evo Mobile Lab 2019 (iOS)/Info.plist";
				LD_RUNPATH_SEARCH_PATHS = (
					"$(inherited)",
					"@executable_path/Frameworks",
				);
				PRODUCT_BUNDLE_IDENTIFIER = "Nikolay-Romanov.-------------Evo-Mobile-Lab-2019--iOS-";
				PRODUCT_NAME = "$(TARGET_NAME)";
				SWIFT_VERSION = 4.2;
				TARGETED_DEVICE_FAMILY = "1,2";
			};
			name = Release;
		};
/* End XCBuildConfiguration section */

/* Begin XCConfigurationList section */
		FAC285E62273022D008B74C6 /* Build configuration list for PBXProject "Тестовое для Evo Mobile Lab 2019 (iOS)" */ = {
			isa = XCConfigurationList;
			buildConfigurations = (
				FAC285FB2273022F008B74C6 /* Debug */,
				FAC285FC2273022F008B74C6 /* Release */,
			);
			defaultConfigurationIsVisible = 0;
			defaultConfigurationName = Release;
		};
		FAC285FD2273022F008B74C6 /* Build configuration list for PBXNativeTarget "Тестовое для Evo Mobile Lab 2019 (iOS)" */ = {
			isa = XCConfigurationList;
			buildConfigurations = (
				FAC285FE2273022F008B74C6 /* Debug */,
				FAC285FF2273022F008B74C6 /* Release */,
			);
			defaultConfigurationIsVisible = 0;
			defaultConfigurationName = Release;
		};
/* End XCConfigurationList section */
	};
	rootObject = FAC285E32273022D008B74C6 /* Project object */;
}
